# THIS IS AN AUTOGENERATED FILE. DO NOT EDIT THIS FILE DIRECTLY.
# yarn lockfile v1


"@alloc/quick-lru@^5.2.0":
  version "5.2.0"
  resolved "https://registry.npmjs.org/@alloc/quick-lru/-/quick-lru-5.2.0.tgz"

"@ampproject/remapping@^2.3.0":
  version "2.3.0"
  resolved "https://registry.npmjs.org/@ampproject/remapping/-/remapping-2.3.0.tgz"
  dependencies:
    "@jridgewell/gen-mapping" "^0.3.5"
    "@jridgewell/trace-mapping" "^0.3.24"

"@emnapi/core@^1.4.3":
  version "1.4.5"
  resolved "https://registry.yarnpkg.com/@emnapi/core/-/core-1.4.5.tgz#bfbb0cbbbb9f96ec4e2c4fd917b7bbe5495ceccb"
  dependencies:
    "@emnapi/wasi-threads" "1.0.4"
    tslib "^2.4.0"

"@emnapi/runtime@^1.4.3", "@emnapi/runtime@^1.4.4":
  version "1.4.5"
  resolved "https://registry.yarnpkg.com/@emnapi/runtime/-/runtime-1.4.5.tgz#c67710d0661070f38418b6474584f159de38aba9"
  dependencies:
    tslib "^2.4.0"

"@emnapi/wasi-threads@1.0.4", "@emnapi/wasi-threads@^1.0.2":
  version "1.0.4"
  resolved "https://registry.yarnpkg.com/@emnapi/wasi-threads/-/wasi-threads-1.0.4.tgz#703fc094d969e273b1b71c292523b2f792862bf4"
  dependencies:
    tslib "^2.4.0"

"@img/sharp-darwin-arm64@0.34.3":
  version "0.34.3"
  resolved "https://registry.yarnpkg.com/@img/sharp-darwin-arm64/-/sharp-darwin-arm64-0.34.3.tgz#4850c8ace3c1dc13607fa07d43377b1f9aa774da"
  optionalDependencies:
    "@img/sharp-libvips-darwin-arm64" "1.2.0"

"@img/sharp-darwin-x64@0.34.3":
  version "0.34.3"
  resolved "https://registry.yarnpkg.com/@img/sharp-darwin-x64/-/sharp-darwin-x64-0.34.3.tgz#edf93fb01479604f14ad6a64a716e2ef2bb23100"
  optionalDependencies:
    "@img/sharp-libvips-darwin-x64" "1.2.0"

"@img/sharp-libvips-darwin-arm64@1.2.0":
  version "1.2.0"
  resolved "https://registry.yarnpkg.com/@img/sharp-libvips-darwin-arm64/-/sharp-libvips-darwin-arm64-1.2.0.tgz#e20e9041031acde1de19da121dc5162c7d2cf251"

"@img/sharp-libvips-darwin-x64@1.2.0":
  version "1.2.0"
  resolved "https://registry.yarnpkg.com/@img/sharp-libvips-darwin-x64/-/sharp-libvips-darwin-x64-1.2.0.tgz#918ca81c5446f31114834cb908425a7532393185"

"@img/sharp-libvips-linux-arm64@1.2.0":
  version "1.2.0"
  resolved "https://registry.yarnpkg.com/@img/sharp-libvips-linux-arm64/-/sharp-libvips-linux-arm64-1.2.0.tgz#1a5beafc857b43f378c3030427aa981ee3edbc54"

"@img/sharp-libvips-linux-arm@1.2.0":
  version "1.2.0"
  resolved "https://registry.yarnpkg.com/@img/sharp-libvips-linux-arm/-/sharp-libvips-linux-arm-1.2.0.tgz#bff51182d5238ca35c5fe9e9f594a18ad6a5480d"

"@img/sharp-libvips-linux-ppc64@1.2.0":
  version "1.2.0"
  resolved "https://registry.yarnpkg.com/@img/sharp-libvips-linux-ppc64/-/sharp-libvips-linux-ppc64-1.2.0.tgz#10c53ccf6f2d47d71fb3fa282697072c8fe9e40e"

"@img/sharp-libvips-linux-s390x@1.2.0":
  version "1.2.0"
  resolved "https://registry.yarnpkg.com/@img/sharp-libvips-linux-s390x/-/sharp-libvips-linux-s390x-1.2.0.tgz#392fd7557ddc5c901f1bed7ab3c567c08833ef3b"

"@img/sharp-libvips-linux-x64@1.2.0":
  version "1.2.0"
  resolved "https://registry.yarnpkg.com/@img/sharp-libvips-linux-x64/-/sharp-libvips-linux-x64-1.2.0.tgz#9315cf90a2fdcdc0e29ea7663cbd8b0f15254400"

"@img/sharp-libvips-linuxmusl-arm64@1.2.0":
  version "1.2.0"
  resolved "https://registry.yarnpkg.com/@img/sharp-libvips-linuxmusl-arm64/-/sharp-libvips-linuxmusl-arm64-1.2.0.tgz#705e03e67d477f6f842f37eb7f66285b1150dc06"

"@img/sharp-libvips-linuxmusl-x64@1.2.0":
  version "1.2.0"
  resolved "https://registry.yarnpkg.com/@img/sharp-libvips-linuxmusl-x64/-/sharp-libvips-linuxmusl-x64-1.2.0.tgz#ec905071cc538df64848d5900e0d386d77c55f13"

"@img/sharp-linux-arm64@0.34.3":
  version "0.34.3"
  resolved "https://registry.yarnpkg.com/@img/sharp-linux-arm64/-/sharp-linux-arm64-0.34.3.tgz#476f8f13ce192555391ae9d4bc658637a6acf3e5"
  optionalDependencies:
    "@img/sharp-libvips-linux-arm64" "1.2.0"

"@img/sharp-linux-arm@0.34.3":
  version "0.34.3"
  resolved "https://registry.yarnpkg.com/@img/sharp-linux-arm/-/sharp-linux-arm-0.34.3.tgz#9898cd68ea3e3806b94fe25736d5d7ecb5eac121"
  optionalDependencies:
    "@img/sharp-libvips-linux-arm" "1.2.0"

"@img/sharp-linux-ppc64@0.34.3":
  version "0.34.3"
  resolved "https://registry.yarnpkg.com/@img/sharp-linux-ppc64/-/sharp-linux-ppc64-0.34.3.tgz#6a7cd4c608011333a0ddde6d96e03ac042dd9079"
  optionalDependencies:
    "@img/sharp-libvips-linux-ppc64" "1.2.0"

"@img/sharp-linux-s390x@0.34.3":
  version "0.34.3"
  resolved "https://registry.yarnpkg.com/@img/sharp-linux-s390x/-/sharp-linux-s390x-0.34.3.tgz#48e27ab969efe97d270e39297654c0e0c9b42919"
  optionalDependencies:
    "@img/sharp-libvips-linux-s390x" "1.2.0"

"@img/sharp-linux-x64@0.34.3":
  version "0.34.3"
  resolved "https://registry.yarnpkg.com/@img/sharp-linux-x64/-/sharp-linux-x64-0.34.3.tgz#5aa77ad4aa447ddf6d642e2a2c5599eb1292dfaa"
  optionalDependencies:
    "@img/sharp-libvips-linux-x64" "1.2.0"

"@img/sharp-linuxmusl-arm64@0.34.3":
  version "0.34.3"
  resolved "https://registry.yarnpkg.com/@img/sharp-linuxmusl-arm64/-/sharp-linuxmusl-arm64-0.34.3.tgz#62053a9d77c7d4632c677619325b741254689dd7"
  optionalDependencies:
    "@img/sharp-libvips-linuxmusl-arm64" "1.2.0"

"@img/sharp-linuxmusl-x64@0.34.3":
  version "0.34.3"
  resolved "https://registry.yarnpkg.com/@img/sharp-linuxmusl-x64/-/sharp-linuxmusl-x64-0.34.3.tgz#5107c7709c7e0a44fe5abef59829f1de86fa0a3a"
  optionalDependencies:
    "@img/sharp-libvips-linuxmusl-x64" "1.2.0"

"@img/sharp-wasm32@0.34.3":
  version "0.34.3"
  resolved "https://registry.yarnpkg.com/@img/sharp-wasm32/-/sharp-wasm32-0.34.3.tgz#c1dcabb834ec2f71308a810b399bb6e6e3b79619"
  dependencies:
    "@emnapi/runtime" "^1.4.4"

"@img/sharp-win32-arm64@0.34.3":
  version "0.34.3"
  resolved "https://registry.yarnpkg.com/@img/sharp-win32-arm64/-/sharp-win32-arm64-0.34.3.tgz#3e8654e368bb349d45799a0d7aeb29db2298628e"

"@img/sharp-win32-ia32@0.34.3":
  version "0.34.3"
  resolved "https://registry.yarnpkg.com/@img/sharp-win32-ia32/-/sharp-win32-ia32-0.34.3.tgz#9d4c105e8d5074a351a81a0b6d056e0af913bf76"

"@img/sharp-win32-x64@0.34.3":
  version "0.34.3"
  resolved "https://registry.npmjs.org/@img/sharp-win32-x64/-/sharp-win32-x64-0.34.3.tgz"

"@isaacs/fs-minipass@^4.0.0":
  version "4.0.1"
  resolved "https://registry.npmjs.org/@isaacs/fs-minipass/-/fs-minipass-4.0.1.tgz"
  dependencies:
    minipass "^7.0.4"

"@jridgewell/gen-mapping@^0.3.5":
  version "0.3.12"
  resolved "https://registry.npmjs.org/@jridgewell/gen-mapping/-/gen-mapping-0.3.12.tgz"
  dependencies:
    "@jridgewell/sourcemap-codec" "^1.5.0"
    "@jridgewell/trace-mapping" "^0.3.24"

"@jridgewell/resolve-uri@^3.1.0":
  version "3.1.2"
  resolved "https://registry.npmjs.org/@jridgewell/resolve-uri/-/resolve-uri-3.1.2.tgz"

"@jridgewell/sourcemap-codec@^1.4.14", "@jridgewell/sourcemap-codec@^1.5.0":
  version "1.5.4"
  resolved "https://registry.npmjs.org/@jridgewell/sourcemap-codec/-/sourcemap-codec-1.5.4.tgz"

"@jridgewell/trace-mapping@^0.3.24":
  version "0.3.29"
  resolved "https://registry.npmjs.org/@jridgewell/trace-mapping/-/trace-mapping-0.3.29.tgz"
  dependencies:
    "@jridgewell/resolve-uri" "^3.1.0"
    "@jridgewell/sourcemap-codec" "^1.4.14"

"@napi-rs/wasm-runtime@^0.2.11":
  version "0.2.12"
  resolved "https://registry.yarnpkg.com/@napi-rs/wasm-runtime/-/wasm-runtime-0.2.12.tgz#3e78a8b96e6c33a6c517e1894efbd5385a7cb6f2"
  dependencies:
    "@emnapi/core" "^1.4.3"
    "@emnapi/runtime" "^1.4.3"
    "@tybys/wasm-util" "^0.10.0"

"@next/env@15.4.1":
  version "15.4.1"
  resolved "https://registry.npmjs.org/@next/env/-/env-15.4.1.tgz"

"@next/swc-darwin-arm64@15.4.1":
  version "15.4.1"
  resolved "https://registry.yarnpkg.com/@next/swc-darwin-arm64/-/swc-darwin-arm64-15.4.1.tgz#490444a0905fcd63b15ec9da6f32683d3b81914a"

"@next/swc-darwin-x64@15.4.1":
  version "15.4.1"
  resolved "https://registry.yarnpkg.com/@next/swc-darwin-x64/-/swc-darwin-x64-15.4.1.tgz#8eac522eca30f20dedc93c8dccfb7efd91226d16"

"@next/swc-linux-arm64-gnu@15.4.1":
  version "15.4.1"
  resolved "https://registry.yarnpkg.com/@next/swc-linux-arm64-gnu/-/swc-linux-arm64-gnu-15.4.1.tgz#7e62ddf0e09d4d5198562242e0def3a43b9ee333"

"@next/swc-linux-arm64-musl@15.4.1":
  version "15.4.1"
  resolved "https://registry.yarnpkg.com/@next/swc-linux-arm64-musl/-/swc-linux-arm64-musl-15.4.1.tgz#6ea7cf91e898e3bae079e4ccc56fc8ef69130489"

"@next/swc-linux-x64-gnu@15.4.1":
  version "15.4.1"
  resolved "https://registry.yarnpkg.com/@next/swc-linux-x64-gnu/-/swc-linux-x64-gnu-15.4.1.tgz#a879a19ccbb5a12f218a543adf0d9312f5ce70f9"

"@next/swc-linux-x64-musl@15.4.1":
  version "15.4.1"
  resolved "https://registry.yarnpkg.com/@next/swc-linux-x64-musl/-/swc-linux-x64-musl-15.4.1.tgz#025a2798d0beb242d878afedfc4968f0f1a02cf1"

"@next/swc-win32-arm64-msvc@15.4.1":
  version "15.4.1"
  resolved "https://registry.yarnpkg.com/@next/swc-win32-arm64-msvc/-/swc-win32-arm64-msvc-15.4.1.tgz#27928627e2c2d04075846c1e5a47d23760ce444e"

"@next/swc-win32-x64-msvc@15.4.1":
  version "15.4.1"
  resolved "https://registry.npmjs.org/@next/swc-win32-x64-msvc/-/swc-win32-x64-msvc-15.4.1.tgz"

"@supabase/auth-js@2.71.1":
  version "2.71.1"
  resolved "https://registry.npmjs.org/@supabase/auth-js/-/auth-js-2.71.1.tgz"
  dependencies:
    "@supabase/node-fetch" "^2.6.14"

"@supabase/functions-js@2.4.5":
  version "2.4.5"
  resolved "https://registry.npmjs.org/@supabase/functions-js/-/functions-js-2.4.5.tgz"
  dependencies:
    "@supabase/node-fetch" "^2.6.14"

"@supabase/node-fetch@2.6.15", "@supabase/node-fetch@^2.6.13", "@supabase/node-fetch@^2.6.14":
  version "2.6.15"
  resolved "https://registry.npmjs.org/@supabase/node-fetch/-/node-fetch-2.6.15.tgz"
  dependencies:
    whatwg-url "^5.0.0"

"@supabase/postgrest-js@1.19.4":
  version "1.19.4"
  resolved "https://registry.npmjs.org/@supabase/postgrest-js/-/postgrest-js-1.19.4.tgz"
  dependencies:
    "@supabase/node-fetch" "^2.6.14"

"@supabase/realtime-js@2.11.15":
  version "2.11.15"
  resolved "https://registry.npmjs.org/@supabase/realtime-js/-/realtime-js-2.11.15.tgz"
  dependencies:
    "@supabase/node-fetch" "^2.6.13"
    "@types/phoenix" "^1.6.6"
    "@types/ws" "^8.18.1"
    isows "^1.0.7"
    ws "^8.18.2"

"@supabase/storage-js@2.7.1":
  version "2.7.1"
  resolved "https://registry.npmjs.org/@supabase/storage-js/-/storage-js-2.7.1.tgz"
  dependencies:
    "@supabase/node-fetch" "^2.6.14"

"@supabase/supabase-js@^2.52.1":
  version "2.52.1"
  resolved "https://registry.npmjs.org/@supabase/supabase-js/-/supabase-js-2.52.1.tgz"
  dependencies:
    "@supabase/auth-js" "2.71.1"
    "@supabase/functions-js" "2.4.5"
    "@supabase/node-fetch" "2.6.15"
    "@supabase/postgrest-js" "1.19.4"
    "@supabase/realtime-js" "2.11.15"
    "@supabase/storage-js" "2.7.1"

"@swc/helpers@0.5.15":
  version "0.5.15"
  resolved "https://registry.npmjs.org/@swc/helpers/-/helpers-0.5.15.tgz"
  dependencies:
    tslib "^2.8.0"

"@tailwindcss/node@4.1.11":
  version "4.1.11"
  resolved "https://registry.npmjs.org/@tailwindcss/node/-/node-4.1.11.tgz"
  dependencies:
    "@ampproject/remapping" "^2.3.0"
    enhanced-resolve "^5.18.1"
    jiti "^2.4.2"
    lightningcss "1.30.1"
    magic-string "^0.30.17"
    source-map-js "^1.2.1"
    tailwindcss "4.1.11"

"@tailwindcss/oxide-android-arm64@4.1.11":
  version "4.1.11"
  resolved "https://registry.yarnpkg.com/@tailwindcss/oxide-android-arm64/-/oxide-android-arm64-4.1.11.tgz#1f387d8302f011b61c226deb0c3a1d2bd79c6915"

"@tailwindcss/oxide-darwin-arm64@4.1.11":
  version "4.1.11"
  resolved "https://registry.yarnpkg.com/@tailwindcss/oxide-darwin-arm64/-/oxide-darwin-arm64-4.1.11.tgz#acd35ffb7e4eae83d0a3fe2f8ea36cfcc9b21f7e"

"@tailwindcss/oxide-darwin-x64@4.1.11":
  version "4.1.11"
  resolved "https://registry.yarnpkg.com/@tailwindcss/oxide-darwin-x64/-/oxide-darwin-x64-4.1.11.tgz#a0022312993a3893d6ff0312d6e3c83c4636fef4"

"@tailwindcss/oxide-freebsd-x64@4.1.11":
  version "4.1.11"
  resolved "https://registry.yarnpkg.com/@tailwindcss/oxide-freebsd-x64/-/oxide-freebsd-x64-4.1.11.tgz#dd8e55eb0b88fe7995b8148c0e0ae5fa27092d22"

"@tailwindcss/oxide-linux-arm-gnueabihf@4.1.11":
  version "4.1.11"
  resolved "https://registry.yarnpkg.com/@tailwindcss/oxide-linux-arm-gnueabihf/-/oxide-linux-arm-gnueabihf-4.1.11.tgz#02ee99090988847d3f13d277679012cbffcdde37"

"@tailwindcss/oxide-linux-arm64-gnu@4.1.11":
  version "4.1.11"
  resolved "https://registry.yarnpkg.com/@tailwindcss/oxide-linux-arm64-gnu/-/oxide-linux-arm64-gnu-4.1.11.tgz#4837559c102bebe65089879f6a0278ed473b4813"

"@tailwindcss/oxide-linux-arm64-musl@4.1.11":
  version "4.1.11"
  resolved "https://registry.yarnpkg.com/@tailwindcss/oxide-linux-arm64-musl/-/oxide-linux-arm64-musl-4.1.11.tgz#bec465112a13a1383558ff36afdf28b8a8cb9021"

"@tailwindcss/oxide-linux-x64-gnu@4.1.11":
  version "4.1.11"
  resolved "https://registry.yarnpkg.com/@tailwindcss/oxide-linux-x64-gnu/-/oxide-linux-x64-gnu-4.1.11.tgz#f9e47e6aa67ff77f32f7412bc9698d4278e101bf"

"@tailwindcss/oxide-linux-x64-musl@4.1.11":
  version "4.1.11"
  resolved "https://registry.yarnpkg.com/@tailwindcss/oxide-linux-x64-musl/-/oxide-linux-x64-musl-4.1.11.tgz#7d6e8adcfb9bc84d8e2e2e8781d661edb9e41ba8"

"@tailwindcss/oxide-wasm32-wasi@4.1.11":
  version "4.1.11"
  resolved "https://registry.yarnpkg.com/@tailwindcss/oxide-wasm32-wasi/-/oxide-wasm32-wasi-4.1.11.tgz#a1762f4939c6ebaa824696fda2fd7db1b85fbed2"
  dependencies:
    "@emnapi/core" "^1.4.3"
    "@emnapi/runtime" "^1.4.3"
    "@emnapi/wasi-threads" "^1.0.2"
    "@napi-rs/wasm-runtime" "^0.2.11"
    "@tybys/wasm-util" "^0.9.0"
    tslib "^2.8.0"

"@tailwindcss/oxide-win32-arm64-msvc@4.1.11":
  version "4.1.11"
  resolved "https://registry.yarnpkg.com/@tailwindcss/oxide-win32-arm64-msvc/-/oxide-win32-arm64-msvc-4.1.11.tgz#70ba392dca0fa3707ebe27d2bd6ac3e69d35e3b7"

"@tailwindcss/oxide-win32-x64-msvc@4.1.11":
  version "4.1.11"
  resolved "https://registry.npmjs.org/@tailwindcss/oxide-win32-x64-msvc/-/oxide-win32-x64-msvc-4.1.11.tgz"

"@tailwindcss/oxide@4.1.11":
  version "4.1.11"
  resolved "https://registry.npmjs.org/@tailwindcss/oxide/-/oxide-4.1.11.tgz"
  dependencies:
    detect-libc "^2.0.4"
    tar "^7.4.3"
  optionalDependencies:
    "@tailwindcss/oxide-android-arm64" "4.1.11"
    "@tailwindcss/oxide-darwin-arm64" "4.1.11"
    "@tailwindcss/oxide-darwin-x64" "4.1.11"
    "@tailwindcss/oxide-freebsd-x64" "4.1.11"
    "@tailwindcss/oxide-linux-arm-gnueabihf" "4.1.11"
    "@tailwindcss/oxide-linux-arm64-gnu" "4.1.11"
    "@tailwindcss/oxide-linux-arm64-musl" "4.1.11"
    "@tailwindcss/oxide-linux-x64-gnu" "4.1.11"
    "@tailwindcss/oxide-linux-x64-musl" "4.1.11"
    "@tailwindcss/oxide-wasm32-wasi" "4.1.11"
    "@tailwindcss/oxide-win32-arm64-msvc" "4.1.11"
    "@tailwindcss/oxide-win32-x64-msvc" "4.1.11"

"@tailwindcss/postcss@^4":
  version "4.1.11"
  resolved "https://registry.npmjs.org/@tailwindcss/postcss/-/postcss-4.1.11.tgz"
  dependencies:
    "@alloc/quick-lru" "^5.2.0"
    "@tailwindcss/node" "4.1.11"
    "@tailwindcss/oxide" "4.1.11"
    postcss "^8.4.41"
    tailwindcss "4.1.11"

"@tybys/wasm-util@^0.10.0":
  version "0.10.0"
  resolved "https://registry.yarnpkg.com/@tybys/wasm-util/-/wasm-util-0.10.0.tgz#2fd3cd754b94b378734ce17058d0507c45c88369"
  dependencies:
    tslib "^2.4.0"

"@tybys/wasm-util@^0.9.0":
  version "0.9.0"
  resolved "https://registry.yarnpkg.com/@tybys/wasm-util/-/wasm-util-0.9.0.tgz#3e75eb00604c8d6db470bf18c37b7d984a0e3355"
  dependencies:
    tslib "^2.4.0"

"@types/node@*", "@types/node@^20":
  version "20.19.8"
  resolved "https://registry.npmjs.org/@types/node/-/node-20.19.8.tgz"
  dependencies:
    undici-types "~6.21.0"

"@types/phoenix@^1.6.6":
  version "1.6.6"
  resolved "https://registry.npmjs.org/@types/phoenix/-/phoenix-1.6.6.tgz"

"@types/react-dom@^19":
  version "19.1.6"
  resolved "https://registry.npmjs.org/@types/react-dom/-/react-dom-19.1.6.tgz"

"@types/react@^19":
  version "19.1.8"
  resolved "https://registry.npmjs.org/@types/react/-/react-19.1.8.tgz"
  dependencies:
    csstype "^3.0.2"

"@types/ws@^8.18.1":
  version "8.18.1"
  resolved "https://registry.npmjs.org/@types/ws/-/ws-8.18.1.tgz"
  dependencies:
    "@types/node" "*"

caniuse-lite@^1.0.30001579:
  version "1.0.30001727"
  resolved "https://registry.npmjs.org/caniuse-lite/-/caniuse-lite-1.0.30001727.tgz"

chownr@^3.0.0:
  version "3.0.0"
  resolved "https://registry.npmjs.org/chownr/-/chownr-3.0.0.tgz"

client-only@0.0.1:
  version "0.0.1"
  resolved "https://registry.npmjs.org/client-only/-/client-only-0.0.1.tgz"

color-convert@^2.0.1:
  version "2.0.1"
  resolved "https://registry.npmjs.org/color-convert/-/color-convert-2.0.1.tgz"
  dependencies:
    color-name "~1.1.4"

color-name@^1.0.0, color-name@~1.1.4:
  version "1.1.4"
  resolved "https://registry.npmjs.org/color-name/-/color-name-1.1.4.tgz"

color-string@^1.9.0:
  version "1.9.1"
  resolved "https://registry.npmjs.org/color-string/-/color-string-1.9.1.tgz"
  dependencies:
    color-name "^1.0.0"
    simple-swizzle "^0.2.2"

color@^4.2.3:
  version "4.2.3"
  resolved "https://registry.npmjs.org/color/-/color-4.2.3.tgz"
  dependencies:
    color-convert "^2.0.1"
    color-string "^1.9.0"

csstype@^3.0.2:
  version "3.1.3"
  resolved "https://registry.npmjs.org/csstype/-/csstype-3.1.3.tgz"

detect-libc@^2.0.3, detect-libc@^2.0.4:
  version "2.0.4"
  resolved "https://registry.npmjs.org/detect-libc/-/detect-libc-2.0.4.tgz"

enhanced-resolve@^5.18.1:
  version "5.18.2"
  resolved "https://registry.npmjs.org/enhanced-resolve/-/enhanced-resolve-5.18.2.tgz"
  dependencies:
    graceful-fs "^4.2.4"
    tapable "^2.2.0"

graceful-fs@^4.2.4:
  version "4.2.11"
  resolved "https://registry.npmjs.org/graceful-fs/-/graceful-fs-4.2.11.tgz"

is-arrayish@^0.3.1:
  version "0.3.2"
  resolved "https://registry.npmjs.org/is-arrayish/-/is-arrayish-0.3.2.tgz"

isows@^1.0.7:
  version "1.0.7"
  resolved "https://registry.npmjs.org/isows/-/isows-1.0.7.tgz"

jiti@^2.4.2:
  version "2.4.2"
  resolved "https://registry.npmjs.org/jiti/-/jiti-2.4.2.tgz"

lightningcss-darwin-arm64@1.30.1:
  version "1.30.1"
  resolved "https://registry.yarnpkg.com/lightningcss-darwin-arm64/-/lightningcss-darwin-arm64-1.30.1.tgz#3d47ce5e221b9567c703950edf2529ca4a3700ae"

lightningcss-darwin-x64@1.30.1:
  version "1.30.1"
  resolved "https://registry.yarnpkg.com/lightningcss-darwin-x64/-/lightningcss-darwin-x64-1.30.1.tgz#e81105d3fd6330860c15fe860f64d39cff5fbd22"

lightningcss-freebsd-x64@1.30.1:
  version "1.30.1"
  resolved "https://registry.yarnpkg.com/lightningcss-freebsd-x64/-/lightningcss-freebsd-x64-1.30.1.tgz#a0e732031083ff9d625c5db021d09eb085af8be4"

lightningcss-linux-arm-gnueabihf@1.30.1:
  version "1.30.1"
  resolved "https://registry.yarnpkg.com/lightningcss-linux-arm-gnueabihf/-/lightningcss-linux-arm-gnueabihf-1.30.1.tgz#1f5ecca6095528ddb649f9304ba2560c72474908"

lightningcss-linux-arm64-gnu@1.30.1:
  version "1.30.1"
  resolved "https://registry.yarnpkg.com/lightningcss-linux-arm64-gnu/-/lightningcss-linux-arm64-gnu-1.30.1.tgz#eee7799726103bffff1e88993df726f6911ec009"

lightningcss-linux-arm64-musl@1.30.1:
  version "1.30.1"
  resolved "https://registry.yarnpkg.com/lightningcss-linux-arm64-musl/-/lightningcss-linux-arm64-musl-1.30.1.tgz#f2e4b53f42892feeef8f620cbb889f7c064a7dfe"

lightningcss-linux-x64-gnu@1.30.1:
  version "1.30.1"
  resolved "https://registry.yarnpkg.com/lightningcss-linux-x64-gnu/-/lightningcss-linux-x64-gnu-1.30.1.tgz#2fc7096224bc000ebb97eea94aea248c5b0eb157"

lightningcss-linux-x64-musl@1.30.1:
  version "1.30.1"
  resolved "https://registry.yarnpkg.com/lightningcss-linux-x64-musl/-/lightningcss-linux-x64-musl-1.30.1.tgz#66dca2b159fd819ea832c44895d07e5b31d75f26"

lightningcss-win32-arm64-msvc@1.30.1:
  version "1.30.1"
  resolved "https://registry.yarnpkg.com/lightningcss-win32-arm64-msvc/-/lightningcss-win32-arm64-msvc-1.30.1.tgz#7d8110a19d7c2d22bfdf2f2bb8be68e7d1b69039"

lightningcss-win32-x64-msvc@1.30.1:
  version "1.30.1"
  resolved "https://registry.npmjs.org/lightningcss-win32-x64-msvc/-/lightningcss-win32-x64-msvc-1.30.1.tgz"

lightningcss@1.30.1:
  version "1.30.1"
  resolved "https://registry.npmjs.org/lightningcss/-/lightningcss-1.30.1.tgz"
  dependencies:
    detect-libc "^2.0.3"
  optionalDependencies:
    lightningcss-darwin-arm64 "1.30.1"
    lightningcss-darwin-x64 "1.30.1"
    lightningcss-freebsd-x64 "1.30.1"
    lightningcss-linux-arm-gnueabihf "1.30.1"
    lightningcss-linux-arm64-gnu "1.30.1"
    lightningcss-linux-arm64-musl "1.30.1"
    lightningcss-linux-x64-gnu "1.30.1"
    lightningcss-linux-x64-musl "1.30.1"
    lightningcss-win32-arm64-msvc "1.30.1"
    lightningcss-win32-x64-msvc "1.30.1"

magic-string@^0.30.17:
  version "0.30.17"
  resolved "https://registry.npmjs.org/magic-string/-/magic-string-0.30.17.tgz"
  dependencies:
    "@jridgewell/sourcemap-codec" "^1.5.0"

minipass@^7.0.4, minipass@^7.1.2:
  version "7.1.2"
  resolved "https://registry.npmjs.org/minipass/-/minipass-7.1.2.tgz"

minizlib@^3.0.1:
  version "3.0.2"
  resolved "https://registry.npmjs.org/minizlib/-/minizlib-3.0.2.tgz"
  dependencies:
    minipass "^7.1.2"

mkdirp@^3.0.1:
  version "3.0.1"
  resolved "https://registry.npmjs.org/mkdirp/-/mkdirp-3.0.1.tgz"

nanoid@^3.3.11, nanoid@^3.3.6:
  version "3.3.11"
  resolved "https://registry.npmjs.org/nanoid/-/nanoid-3.3.11.tgz"

next@15.4.1:
  version "15.4.1"
  resolved "https://registry.npmjs.org/next/-/next-15.4.1.tgz"
  dependencies:
    "@next/env" "15.4.1"
    "@swc/helpers" "0.5.15"
    caniuse-lite "^1.0.30001579"
    postcss "8.4.31"
    styled-jsx "5.1.6"
  optionalDependencies:
    "@next/swc-darwin-arm64" "15.4.1"
    "@next/swc-darwin-x64" "15.4.1"
    "@next/swc-linux-arm64-gnu" "15.4.1"
    "@next/swc-linux-arm64-musl" "15.4.1"
    "@next/swc-linux-x64-gnu" "15.4.1"
    "@next/swc-linux-x64-musl" "15.4.1"
    "@next/swc-win32-arm64-msvc" "15.4.1"
    "@next/swc-win32-x64-msvc" "15.4.1"
    sharp "^0.34.3"

picocolors@^1.0.0, picocolors@^1.1.1:
  version "1.1.1"
  resolved "https://registry.npmjs.org/picocolors/-/picocolors-1.1.1.tgz"

postcss@8.4.31:
  version "8.4.31"
  resolved "https://registry.npmjs.org/postcss/-/postcss-8.4.31.tgz"
  dependencies:
    nanoid "^3.3.6"
    picocolors "^1.0.0"
    source-map-js "^1.0.2"

postcss@^8.4.41:
  version "8.5.6"
  resolved "https://registry.npmjs.org/postcss/-/postcss-8.5.6.tgz"
  dependencies:
    nanoid "^3.3.11"
    picocolors "^1.1.1"
    source-map-js "^1.2.1"

react-dom@19.1.0:
  version "19.1.0"
  resolved "https://registry.npmjs.org/react-dom/-/react-dom-19.1.0.tgz"
  dependencies:
    scheduler "^0.26.0"

react@19.1.0:
  version "19.1.0"
  resolved "https://registry.npmjs.org/react/-/react-19.1.0.tgz"

scheduler@^0.26.0:
  version "0.26.0"
  resolved "https://registry.npmjs.org/scheduler/-/scheduler-0.26.0.tgz"

semver@^7.7.2:
  version "7.7.2"
  resolved "https://registry.npmjs.org/semver/-/semver-7.7.2.tgz"

sharp@^0.34.3:
  version "0.34.3"
  resolved "https://registry.npmjs.org/sharp/-/sharp-0.34.3.tgz"
  dependencies:
    color "^4.2.3"
    detect-libc "^2.0.4"
    semver "^7.7.2"
  optionalDependencies:
    "@img/sharp-darwin-arm64" "0.34.3"
    "@img/sharp-darwin-x64" "0.34.3"
    "@img/sharp-libvips-darwin-arm64" "1.2.0"
    "@img/sharp-libvips-darwin-x64" "1.2.0"
    "@img/sharp-libvips-linux-arm" "1.2.0"
    "@img/sharp-libvips-linux-arm64" "1.2.0"
    "@img/sharp-libvips-linux-ppc64" "1.2.0"
    "@img/sharp-libvips-linux-s390x" "1.2.0"
    "@img/sharp-libvips-linux-x64" "1.2.0"
    "@img/sharp-libvips-linuxmusl-arm64" "1.2.0"
    "@img/sharp-libvips-linuxmusl-x64" "1.2.0"
    "@img/sharp-linux-arm" "0.34.3"
    "@img/sharp-linux-arm64" "0.34.3"
    "@img/sharp-linux-ppc64" "0.34.3"
    "@img/sharp-linux-s390x" "0.34.3"
    "@img/sharp-linux-x64" "0.34.3"
    "@img/sharp-linuxmusl-arm64" "0.34.3"
    "@img/sharp-linuxmusl-x64" "0.34.3"
    "@img/sharp-wasm32" "0.34.3"
    "@img/sharp-win32-arm64" "0.34.3"
    "@img/sharp-win32-ia32" "0.34.3"
    "@img/sharp-win32-x64" "0.34.3"

simple-swizzle@^0.2.2:
  version "0.2.2"
  resolved "https://registry.npmjs.org/simple-swizzle/-/simple-swizzle-0.2.2.tgz"
  dependencies:
    is-arrayish "^0.3.1"

source-map-js@^1.0.2, source-map-js@^1.2.1:
  version "1.2.1"
  resolved "https://registry.npmjs.org/source-map-js/-/source-map-js-1.2.1.tgz"

styled-jsx@5.1.6:
  version "5.1.6"
  resolved "https://registry.npmjs.org/styled-jsx/-/styled-jsx-5.1.6.tgz"
  dependencies:
    client-only "0.0.1"

tailwindcss@4.1.11, tailwindcss@^4:
  version "4.1.11"
  resolved "https://registry.npmjs.org/tailwindcss/-/tailwindcss-4.1.11.tgz"

tapable@^2.2.0:
  version "2.2.2"
  resolved "https://registry.npmjs.org/tapable/-/tapable-2.2.2.tgz"

tar@^7.4.3:
  version "7.4.3"
  resolved "https://registry.npmjs.org/tar/-/tar-7.4.3.tgz"
  dependencies:
    "@isaacs/fs-minipass" "^4.0.0"
    chownr "^3.0.0"
    minipass "^7.1.2"
    minizlib "^3.0.1"
    mkdirp "^3.0.1"
    yallist "^5.0.0"

tr46@~0.0.3:
  version "0.0.3"
  resolved "https://registry.npmjs.org/tr46/-/tr46-0.0.3.tgz"

tslib@^2.4.0, tslib@^2.8.0:
  version "2.8.1"
  resolved "https://registry.npmjs.org/tslib/-/tslib-2.8.1.tgz"

typescript@^5:
  version "5.8.3"
  resolved "https://registry.npmjs.org/typescript/-/typescript-5.8.3.tgz"

undici-types@~6.21.0:
  version "6.21.0"
  resolved "https://registry.npmjs.org/undici-types/-/undici-types-6.21.0.tgz"

webidl-conversions@^3.0.0:
  version "3.0.1"
  resolved "https://registry.npmjs.org/webidl-conversions/-/webidl-conversions-3.0.1.tgz"

whatwg-url@^5.0.0:
  version "5.0.0"
  resolved "https://registry.npmjs.org/whatwg-url/-/whatwg-url-5.0.0.tgz"
  dependencies:
    tr46 "~0.0.3"
    webidl-conversions "^3.0.0"

ws@^8.18.2:
  version "8.18.3"
  resolved "https://registry.npmjs.org/ws/-/ws-8.18.3.tgz"

yallist@^5.0.0:
  version "5.0.0"
  resolved "https://registry.npmjs.org/yallist/-/yallist-5.0.0.tgz"
